{
    "_readme": [
        "This file locks the dependencies of your project to a known state",
        "Read more about it at https://getcomposer.org/doc/01-basic-usage.md#composer-lock-the-lock-file",
        "This file is @generated automatically"
    ],
    "hash": "393ebb258aa5a0183e4a8737405efcf0",
    "content-hash": "c03a512ed6e299e2ad280ea2254338ac",
    "packages": [
        {
            "name": "aura/router",
            "version": "3.0.0",
            "source": {
                "type": "git",
                "url": "https://github.com/auraphp/Aura.Router.git",
                "reference": "aeb49c8903cb07561022e2b65ef16c68fd2c01da"
            },
            "dist": {
                "type": "zip",
                "url": "https://api.github.com/repos/auraphp/Aura.Router/zipball/aeb49c8903cb07561022e2b65ef16c68fd2c01da",
                "reference": "aeb49c8903cb07561022e2b65ef16c68fd2c01da",
                "shasum": ""
            },
            "require": {
                "php": ">=5.5.0",
                "psr/http-message": "~1.0",
                "psr/log": "~1.0"
            },
            "require-dev": {
                "zendframework/zend-diactoros": "~1.0"
            },
            "type": "library",
            "autoload": {
                "psr-4": {
                    "Aura\\Router\\": "src/"
                }
            },
            "notification-url": "https://packagist.org/downloads/",
            "license": [
                "MIT"
            ],
            "authors": [
                {
                    "name": "Aura.Router Contributors",
                    "homepage": "https://github.com/auraphp/Aura.Router/contributors"
                }
            ],
            "description": "Powerful, flexible web routing for PSR-7 requests.",
            "homepage": "https://github.com/auraphp/Aura.Router",
            "keywords": [
                "psr-7",
                "route",
                "router",
                "routing"
            ],
            "time": "2015-12-01 15:31:40"
        },
        {
            "name": "container-interop/container-interop",
            "version": "1.1.0",
            "source": {
                "type": "git",
                "url": "https://github.com/container-interop/container-interop.git",
                "reference": "fc08354828f8fd3245f77a66b9e23a6bca48297e"
            },
            "dist": {
                "type": "zip",
                "url": "https://api.github.com/repos/container-interop/container-interop/zipball/fc08354828f8fd3245f77a66b9e23a6bca48297e",
                "reference": "fc08354828f8fd3245f77a66b9e23a6bca48297e",
                "shasum": ""
            },
            "type": "library",
            "autoload": {
                "psr-4": {
                    "Interop\\Container\\": "src/Interop/Container/"
                }
            },
            "notification-url": "https://packagist.org/downloads/",
            "license": [
                "MIT"
            ],
            "description": "Promoting the interoperability of container objects (DIC, SL, etc.)",
            "time": "2014-12-30 15:22:37"
        },
        {
            "name": "fol/core",
            "version": "v11.1.0",
            "source": {
                "type": "git",
                "url": "https://github.com/fol-project/core.git",
                "reference": "b76c779e9c6c2c02a636b6d2f064baa7affbc39d"
            },
            "dist": {
                "type": "zip",
                "url": "https://api.github.com/repos/fol-project/core/zipball/b76c779e9c6c2c02a636b6d2f064baa7affbc39d",
                "reference": "b76c779e9c6c2c02a636b6d2f064baa7affbc39d",
                "shasum": ""
            },
            "require": {
                "container-interop/container-interop": "*",
                "php": ">=5.5.0"
            },
            "type": "library",
            "autoload": {
                "psr-0": {
                    "Fol": "src/"
                },
                "psr-4": {
                    "Fol\\": "src/"
                }
            },
            "notification-url": "https://packagist.org/downloads/",
            "license": [
                "AGPL-3.0"
            ],
            "authors": [
                {
                    "name": "Oscar Otero",
                    "email": "oom@oscarotero.com",
                    "homepage": "http://oscarotero.com",
                    "role": "Developer"
                }
            ],
            "description": "The core of FOL framework",
            "homepage": "https://github.com/fol-project/core",
            "keywords": [
                "framework"
            ],
            "time": "2015-12-31 09:46:56"
        },
        {
            "name": "form-manager/form-manager",
            "version": "v4.7.2",
            "source": {
                "type": "git",
                "url": "https://github.com/oscarotero/form-manager.git",
                "reference": "a467fbfc4fc0ce6802898ece5820f057bbb89763"
            },
            "dist": {
                "type": "zip",
                "url": "https://api.github.com/repos/oscarotero/form-manager/zipball/a467fbfc4fc0ce6802898ece5820f057bbb89763",
                "reference": "a467fbfc4fc0ce6802898ece5820f057bbb89763",
                "shasum": ""
            },
            "require": {
                "php": ">=5.3.0",
                "psr/http-message": "~1.0"
            },
            "require-dev": {
                "phpunit/phpunit": "~4.0",
                "zendframework/zend-diactoros": "1.*"
            },
            "type": "library",
            "autoload": {
                "psr-4": {
                    "FormManager\\": "src"
                }
            },
            "notification-url": "https://packagist.org/downloads/",
            "license": [
                "MIT"
            ],
            "authors": [
                {
                    "name": "Oscar Otero",
                    "email": "oom@oscarotero.com",
                    "homepage": "http://oscarotero.com",
                    "role": "Developer"
                }
            ],
            "description": "PHP-HTML form manager",
            "homepage": "https://github.com/oscarotero/form-manager",
            "keywords": [
                "data",
                "form",
                "html",
                "psr-7",
                "validator"
            ],
            "time": "2015-10-06 20:09:44"
        },
        {
            "name": "league/plates",
            "version": "3.1.1",
            "source": {
                "type": "git",
                "url": "https://github.com/thephpleague/plates.git",
                "reference": "2d8569e9f140a70d6a05db38006926f7547cb802"
            },
            "dist": {
                "type": "zip",
                "url": "https://api.github.com/repos/thephpleague/plates/zipball/2d8569e9f140a70d6a05db38006926f7547cb802",
                "reference": "2d8569e9f140a70d6a05db38006926f7547cb802",
                "shasum": ""
            },
            "require-dev": {
                "mikey179/vfsstream": "~1.4.0",
                "phpunit/phpunit": "~4.0",
                "squizlabs/php_codesniffer": "~1.5"
            },
            "type": "library",
            "extra": {
                "branch-alias": {
                    "dev-master": "3.0-dev"
                }
            },
            "autoload": {
                "psr-4": {
                    "League\\Plates\\": "src"
                }
            },
            "notification-url": "https://packagist.org/downloads/",
            "license": [
                "MIT"
            ],
            "authors": [
                {
                    "name": "Jonathan Reinink",
                    "email": "jonathan@reinink.ca",
                    "role": "Developer"
                }
            ],
            "description": "Plates, the native PHP template system that's fast, easy to use and easy to extend.",
            "homepage": "http://platesphp.com",
            "keywords": [
                "league",
                "package",
                "templates",
                "templating",
                "views"
            ],
            "time": "2015-07-09 02:14:40"
        },
        {
            "name": "oscarotero/psr7-middlewares",
            "version": "v3.11.1",
            "source": {
                "type": "git",
                "url": "https://github.com/oscarotero/psr7-middlewares.git",
                "reference": "f09b61955b3bffe852c8da28767a2311e16dc573"
            },
            "dist": {
                "type": "zip",
                "url": "https://api.github.com/repos/oscarotero/psr7-middlewares/zipball/f09b61955b3bffe852c8da28767a2311e16dc573",
                "reference": "f09b61955b3bffe852c8da28767a2311e16dc573",
                "shasum": ""
            },
            "require": {
                "php": ">=5.5.0"
            },
            "require-dev": {
                "aura/router": "^3.0",
                "aura/session": "2.*",
                "filp/whoops": "^1.1",
                "google/recaptcha": "^1.1",
                "imagecow/imagecow": "^1.5",
                "league/route": "2.0.0-RC1",
                "m6web/firewall": "~1.0",
                "matthiasmullie/scrapbook": "^1.0",
                "maximebf/debugbar": "~1.11",
                "mobiledetect/mobiledetectlib": "^2.8",
                "monolog/monolog": "^1.17",
                "mrclay/minify": "^2.2",
                "neomerx/cors-psr7": "^0.2.0",
                "nikic/fast-route": "0.*",
                "paragonie/csp-builder": "^1.2",
                "phpunit/phpunit": "~4.0",
                "piwik/referrer-spam-blacklist": "^1.0",
                "ramsey/uuid": "^2.8",
                "relay/relay": "1.*",
                "willdurand/geocoder": "^3.2",
                "willdurand/negotiation": "~2.0",
                "zendframework/zend-diactoros": "1.*"
            },
            "suggest": {
                "aura/router": "To use AuraRouter",
                "aura/session": "To use AuraSession",
                "filp/whoops": "To use Whoops",
                "google/recaptcha": "To use Recaptcha",
                "imagecow/imagecow": "To use ImageTransformer",
                "league/route": "To use LeagueRoute",
                "m6web/firewall": "To use Firewall",
                "maximebf/debugbar": "To use DebugBar",
                "mobiledetect/mobiledetectlib": "To use DetectDevice",
                "mrclay/minify": "To use Minify",
                "neomerx/cors-psr7": "To use Cors",
                "nikic/fast-route": "To use FastRoute",
                "paragonie/csp-builder": "To use Csp",
                "piwik/referrer-spam-blacklist": "To use BlockSpam",
                "psr/cache-implementation": "To use Cache",
                "psr/log-implementation": "To use AccessLog",
                "ramsey/uuid": "To use Uuid",
                "willdurand/geocoder": "To use Geolocate",
                "willdurand/negotiation": "To use FormatNegotiator, LanguageNegotiator and EncodingNegotiator"
            },
            "type": "library",
            "autoload": {
                "psr-4": {
                    "Psr7Middlewares\\": "src/"
                }
            },
            "notification-url": "https://packagist.org/downloads/",
            "license": [
                "MIT"
            ],
            "authors": [
                {
                    "name": "Oscar Otero",
                    "email": "oom@oscarotero.com",
                    "homepage": "http://oscarotero.com",
                    "role": "Developer"
                }
            ],
            "description": "Collection of HTTP middlewares compatible with PSR-7",
            "homepage": "https://github.com/oscarotero/psr7-middlewares",
            "keywords": [
                "http",
                "middlewares",
                "psr-7",
                "psr-messages"
            ],
            "time": "2016-01-13 08:37:40"
        },
        {
            "name": "psr/http-message",
            "version": "1.0",
            "source": {
                "type": "git",
                "url": "https://github.com/php-fig/http-message.git",
                "reference": "85d63699f0dbedb190bbd4b0d2b9dc707ea4c298"
            },
            "dist": {
                "type": "zip",
                "url": "https://api.github.com/repos/php-fig/http-message/zipball/85d63699f0dbedb190bbd4b0d2b9dc707ea4c298",
                "reference": "85d63699f0dbedb190bbd4b0d2b9dc707ea4c298",
                "shasum": ""
            },
            "require": {
                "php": ">=5.3.0"
            },
            "type": "library",
            "extra": {
                "branch-alias": {
                    "dev-master": "1.0.x-dev"
                }
            },
            "autoload": {
                "psr-4": {
                    "Psr\\Http\\Message\\": "src/"
                }
            },
            "notification-url": "https://packagist.org/downloads/",
            "license": [
                "MIT"
            ],
            "authors": [
                {
                    "name": "PHP-FIG",
                    "homepage": "http://www.php-fig.org/"
                }
            ],
            "description": "Common interface for HTTP messages",
            "keywords": [
                "http",
                "http-message",
                "psr",
                "psr-7",
                "request",
                "response"
            ],
            "time": "2015-05-04 20:22:00"
        },
        {
            "name": "psr/log",
            "version": "1.0.0",
            "source": {
                "type": "git",
                "url": "https://github.com/php-fig/log.git",
                "reference": "fe0936ee26643249e916849d48e3a51d5f5e278b"
            },
            "dist": {
                "type": "zip",
                "url": "https://api.github.com/repos/php-fig/log/zipball/fe0936ee26643249e916849d48e3a51d5f5e278b",
                "reference": "fe0936ee26643249e916849d48e3a51d5f5e278b",
                "shasum": ""
            },
            "type": "library",
            "autoload": {
                "psr-0": {
                    "Psr\\Log\\": ""
                }
            },
            "notification-url": "https://packagist.org/downloads/",
            "license": [
                "MIT"
            ],
            "authors": [
                {
                    "name": "PHP-FIG",
                    "homepage": "http://www.php-fig.org/"
                }
            ],
            "description": "Common interface for logging libraries",
            "keywords": [
                "log",
                "psr",
                "psr-3"
            ],
            "time": "2012-12-21 11:40:51"
        },
        {
            "name": "relay/relay",
            "version": "1.1.0",
            "source": {
                "type": "git",
                "url": "https://github.com/relayphp/Relay.Relay.git",
                "reference": "e835fc45351b7a92a6fdf2a36be7bd59ef56c8ae"
            },
            "dist": {
                "type": "zip",
                "url": "https://api.github.com/repos/relayphp/Relay.Relay/zipball/e835fc45351b7a92a6fdf2a36be7bd59ef56c8ae",
                "reference": "e835fc45351b7a92a6fdf2a36be7bd59ef56c8ae",
                "shasum": ""
            },
            "require": {
                "php": ">=5.5.0",
                "psr/http-message": "~1.0"
            },
            "require-dev": {
                "zendframework/zend-diactoros": "~1.0"
            },
            "type": "library",
            "autoload": {
                "psr-4": {
                    "Relay\\": "src/"
                }
            },
            "notification-url": "https://packagist.org/downloads/",
            "license": [
                "MIT"
            ],
            "authors": [
                {
                    "name": "Relay.Relay Contributors",
                    "homepage": "https://github.com/relayphp/Relay.Relay/contributors"
                }
            ],
            "description": "A PSR-7 middleware dispatcher.",
            "homepage": "https://github.com/relayphp/Relay.Relay",
            "keywords": [
                "middleware",
                "psr-7"
            ],
            "time": "2015-12-17 18:18:30"
        },
        {
            "name": "willdurand/negotiation",
            "version": "v2.0.2",
            "source": {
                "type": "git",
                "url": "https://github.com/willdurand/Negotiation.git",
                "reference": "a8ce6da7acdf07351ccd6a9359c571ebc0725a21"
            },
            "dist": {
                "type": "zip",
                "url": "https://api.github.com/repos/willdurand/Negotiation/zipball/a8ce6da7acdf07351ccd6a9359c571ebc0725a21",
                "reference": "a8ce6da7acdf07351ccd6a9359c571ebc0725a21",
                "shasum": ""
            },
            "require": {
                "php": ">=5.4.0"
            },
            "type": "library",
            "extra": {
                "branch-alias": {
                    "dev-master": "2.0-dev"
                }
            },
            "autoload": {
                "psr-4": {
                    "Negotiation\\": "src/Negotiation"
                }
            },
            "notification-url": "https://packagist.org/downloads/",
            "license": [
                "MIT"
            ],
            "authors": [
                {
                    "name": "William Durand",
                    "email": "will+git@drnd.me"
                }
            ],
            "description": "Content Negotiation tools for PHP provided as a standalone library.",
            "homepage": "http://williamdurand.fr/Negotiation/",
            "keywords": [
                "accept",
                "content",
                "format",
                "header",
                "negotiation"
            ],
            "time": "2015-11-21 14:23:02"
        },
        {
            "name": "zendframework/zend-diactoros",
            "version": "1.3.3",
            "source": {
                "type": "git",
                "url": "https://github.com/zendframework/zend-diactoros.git",
                "reference": "4d54fde709664562eb63356f0250d527824d05de"
            },
            "dist": {
                "type": "zip",
                "url": "https://api.github.com/repos/zendframework/zend-diactoros/zipball/4d54fde709664562eb63356f0250d527824d05de",
                "reference": "4d54fde709664562eb63356f0250d527824d05de",
                "shasum": ""
            },
            "require": {
                "php": ">=5.4",
                "psr/http-message": "~1.0"
            },
            "provide": {
                "psr/http-message-implementation": "~1.0.0"
            },
            "require-dev": {
                "phpunit/phpunit": "~4.6",
                "squizlabs/php_codesniffer": "^2.3.1"
            },
            "type": "library",
            "extra": {
                "branch-alias": {
                    "dev-master": "1.3-dev",
                    "dev-develop": "1.4-dev"
                }
            },
            "autoload": {
                "psr-4": {
                    "Zend\\Diactoros\\": "src/"
                }
            },
            "notification-url": "https://packagist.org/downloads/",
            "license": [
                "BSD-2-Clause"
            ],
            "description": "PSR HTTP Message implementations",
            "homepage": "https://github.com/zendframework/zend-diactoros",
            "keywords": [
                "http",
                "psr",
                "psr-7"
            ],
            "time": "2016-01-04 21:37:32"
        }
    ],
    "packages-dev": [],
    "aliases": [],
    "minimum-stability": "stable",
    "stability-flags": [],
    "prefer-stable": false,
    "prefer-lowest": false,
    "platform": {
        "php": ">=5.5.0"
    },
    "platform-dev": []
}
